
Microsoft Visual Studio Solution File, Format Version 12.00
# Visual Studio Version 17
VisualStudioVersion = 17.0.32014.148
MinimumVisualStudioVersion = 10.0.40219.1
Project("{FAE04EC0-301F-11D3-BF4B-00C04F79EFBC}") = "Old Glory Flag Company", "Old Glory Flag Company.csproj", "{0D1AF1D4-EF67-4628-A369-BAC91CD62EBA}"
EndProject
Global
	GlobalSection(SolutionConfigurationPlatforms) = preSolution
		Debug|Any CPU = Debug|Any CPU
		Release|Any CPU = Release|Any CPU
	EndGlobalSection
	GlobalSection(ProjectConfigurationPlatforms) = postSolution
		{0D1AF1D4-EF67-4628-A369-BAC91CD62EBA}.Debug|Any CPU.ActiveCfg = Debug|Any CPU
		{0D1AF1D4-EF67-4628-A369-BAC91CD62EBA}.Debug|Any CPU.Build.0 = Debug|Any CPU
		{0D1AF1D4-EF67-4628-A369-BAC91CD62EBA}.Release|Any CPU.ActiveCfg = Release|Any CPU
		{0D1AF1D4-EF67-4628-A369-BAC91CD62EBA}.Release|Any CPU.Build.0 = Release|Any CPU
	EndGlobalSection
	GlobalSection(SolutionProperties) = preSolution
		HideSolutionNode = FALSE
	EndGlobalSection
	GlobalSection(ExtensibilityGlobals) = postSolution
		SolutionGuid = {2486932D-A1E4-4C5C-9180-DCC3E35E9CA1}
	EndGlobalSection
EndGlobal
